
Microsoft Visual Studio Solution File, Format Version 12.00
# Visual Studio Version 17
VisualStudioVersion = 17.14.36623.8
MinimumVisualStudioVersion = 10.0.40219.1
Project("{FAE04EC0-301F-11D3-BF4B-00C04F79EFBC}") = "TravelManager.Domain", "TravelManager.Domain\TravelManager.Domain.csproj", "{4683825C-754C-41B7-BF0F-BB6005D6C5F1}"
EndProject
Project("{FAE04EC0-301F-11D3-BF4B-00C04F79EFBC}") = "TravelManager.Infrastructure", "TravelManager.Infrastructure\TravelManager.Infrastructure.csproj", "{9DF58B37-A2B6-4C49-B916-3EE079B458E3}"
EndProject
Project("{FAE04EC0-301F-11D3-BF4B-00C04F79EFBC}") = "TravelManager.Application", "TravelManager.Application\TravelManager.Application.csproj", "{5FA92554-9D14-420B-BC06-B25606927942}"
EndProject
Project("{FAE04EC0-301F-11D3-BF4B-00C04F79EFBC}") = "TravelManager.UI", "TravelManager.UI\TravelManager.UI.csproj", "{11C89CA3-DFEF-4796-A1C0-41FD4598E783}"
EndProject
Global
	GlobalSection(SolutionConfigurationPlatforms) = preSolution
		Debug|Any CPU = Debug|Any CPU
		Release|Any CPU = Release|Any CPU
	EndGlobalSection
	GlobalSection(ProjectConfigurationPlatforms) = postSolution
		{4683825C-754C-41B7-BF0F-BB6005D6C5F1}.Debug|Any CPU.ActiveCfg = Debug|Any CPU
		{4683825C-754C-41B7-BF0F-BB6005D6C5F1}.Debug|Any CPU.Build.0 = Debug|Any CPU
		{4683825C-754C-41B7-BF0F-BB6005D6C5F1}.Release|Any CPU.ActiveCfg = Release|Any CPU
		{4683825C-754C-41B7-BF0F-BB6005D6C5F1}.Release|Any CPU.Build.0 = Release|Any CPU
		{9DF58B37-A2B6-4C49-B916-3EE079B458E3}.Debug|Any CPU.ActiveCfg = Debug|Any CPU
		{9DF58B37-A2B6-4C49-B916-3EE079B458E3}.Debug|Any CPU.Build.0 = Debug|Any CPU
		{9DF58B37-A2B6-4C49-B916-3EE079B458E3}.Release|Any CPU.ActiveCfg = Release|Any CPU
		{9DF58B37-A2B6-4C49-B916-3EE079B458E3}.Release|Any CPU.Build.0 = Release|Any CPU
		{5FA92554-9D14-420B-BC06-B25606927942}.Debug|Any CPU.ActiveCfg = Debug|Any CPU
		{5FA92554-9D14-420B-BC06-B25606927942}.Debug|Any CPU.Build.0 = Debug|Any CPU
		{5FA92554-9D14-420B-BC06-B25606927942}.Release|Any CPU.ActiveCfg = Release|Any CPU
		{5FA92554-9D14-420B-BC06-B25606927942}.Release|Any CPU.Build.0 = Release|Any CPU
		{11C89CA3-DFEF-4796-A1C0-41FD4598E783}.Debug|Any CPU.ActiveCfg = Debug|Any CPU
		{11C89CA3-DFEF-4796-A1C0-41FD4598E783}.Debug|Any CPU.Build.0 = Debug|Any CPU
		{11C89CA3-DFEF-4796-A1C0-41FD4598E783}.Release|Any CPU.ActiveCfg = Release|Any CPU
		{11C89CA3-DFEF-4796-A1C0-41FD4598E783}.Release|Any CPU.Build.0 = Release|Any CPU
	EndGlobalSection
	GlobalSection(SolutionProperties) = preSolution
		HideSolutionNode = FALSE
	EndGlobalSection
	GlobalSection(ExtensibilityGlobals) = postSolution
		SolutionGuid = {CE9E3C6E-6409-4302-A6D4-92921FB38FCA}
	EndGlobalSection
EndGlobal
